
Microsoft Visual Studio Solution File, Format Version 12.00
# Visual Studio 15
VisualStudioVersion = 15.0.28010.2016
MinimumVisualStudioVersion = 10.0.40219.1
Project("{FAE04EC0-301F-11D3-BF4B-00C04F79EFBC}") = "GoblinQuest", "GoblinQuest\GoblinQuest.csproj", "{43AC554C-7625-4B23-AF8E-D34A8AD58FB0}"
EndProject
Global
	GlobalSection(SolutionConfigurationPlatforms) = preSolution
		Debug|Any CPU = Debug|Any CPU
		Release|Any CPU = Release|Any CPU
	EndGlobalSection
	GlobalSection(ProjectConfigurationPlatforms) = postSolution
		{43AC554C-7625-4B23-AF8E-D34A8AD58FB0}.Debug|Any CPU.ActiveCfg = Debug|Any CPU
		{43AC554C-7625-4B23-AF8E-D34A8AD58FB0}.Debug|Any CPU.Build.0 = Debug|Any CPU
		{43AC554C-7625-4B23-AF8E-D34A8AD58FB0}.Release|Any CPU.ActiveCfg = Release|Any CPU
		{43AC554C-7625-4B23-AF8E-D34A8AD58FB0}.Release|Any CPU.Build.0 = Release|Any CPU
	EndGlobalSection
	GlobalSection(SolutionProperties) = preSolution
		HideSolutionNode = FALSE
	EndGlobalSection
	GlobalSection(ExtensibilityGlobals) = postSolution
		SolutionGuid = {1BCE0E14-9DD4-420C-BDD9-42E3DEE10DAD}
	EndGlobalSection
EndGlobal
